
Microsoft Visual Studio Solution File, Format Version 12.00
# Visual Studio Version 17
VisualStudioVersion = 17.5.002.0
MinimumVisualStudioVersion = 10.0.40219.1
Project("{9A19103F-16F7-4668-BE54-9A1E7A4F7556}") = "PlatformService", "PlatformService.csproj", "{AD1D23EB-47D9-40E0-B0E1-D5A1F089F591}"
EndProject
Global
	GlobalSection(SolutionConfigurationPlatforms) = preSolution
		Debug|Any CPU = Debug|Any CPU
		Release|Any CPU = Release|Any CPU
	EndGlobalSection
	GlobalSection(ProjectConfigurationPlatforms) = postSolution
		{AD1D23EB-47D9-40E0-B0E1-D5A1F089F591}.Debug|Any CPU.ActiveCfg = Debug|Any CPU
		{AD1D23EB-47D9-40E0-B0E1-D5A1F089F591}.Debug|Any CPU.Build.0 = Debug|Any CPU
		{AD1D23EB-47D9-40E0-B0E1-D5A1F089F591}.Release|Any CPU.ActiveCfg = Release|Any CPU
		{AD1D23EB-47D9-40E0-B0E1-D5A1F089F591}.Release|Any CPU.Build.0 = Release|Any CPU
	EndGlobalSection
	GlobalSection(SolutionProperties) = preSolution
		HideSolutionNode = FALSE
	EndGlobalSection
	GlobalSection(ExtensibilityGlobals) = postSolution
		SolutionGuid = {F7A0CFB5-658F-4EB6-B74E-A5ABCCBF0017}
	EndGlobalSection
EndGlobal
